
Microsoft Visual Studio Solution File, Format Version 12.00
# Visual Studio Version 17
VisualStudioVersion = 17.5.33627.172
MinimumVisualStudioVersion = 10.0.40219.1
Project("{FAE04EC0-301F-11D3-BF4B-00C04F79EFBC}") = "Schedule", "Schedule\Schedule.csproj", "{F01A6BE7-E729-4778-87CB-2EF8D62B1DD7}"
EndProject
Global
	GlobalSection(SolutionConfigurationPlatforms) = preSolution
		Debug|Any CPU = Debug|Any CPU
		Release|Any CPU = Release|Any CPU
	EndGlobalSection
	GlobalSection(ProjectConfigurationPlatforms) = postSolution
		{F01A6BE7-E729-4778-87CB-2EF8D62B1DD7}.Debug|Any CPU.ActiveCfg = Debug|Any CPU
		{F01A6BE7-E729-4778-87CB-2EF8D62B1DD7}.Debug|Any CPU.Build.0 = Debug|Any CPU
		{F01A6BE7-E729-4778-87CB-2EF8D62B1DD7}.Release|Any CPU.ActiveCfg = Release|Any CPU
		{F01A6BE7-E729-4778-87CB-2EF8D62B1DD7}.Release|Any CPU.Build.0 = Release|Any CPU
	EndGlobalSection
	GlobalSection(SolutionProperties) = preSolution
		HideSolutionNode = FALSE
	EndGlobalSection
	GlobalSection(ExtensibilityGlobals) = postSolution
		SolutionGuid = {2FFE3396-1902-438D-AD81-E80BFD02D643}
	EndGlobalSection
EndGlobal
